
Microsoft Visual Studio Solution File, Format Version 12.00
# Visual Studio Version 17
VisualStudioVersion = 17.9.34622.214
MinimumVisualStudioVersion = 10.0.40219.1
Project("{FAE04EC0-301F-11D3-BF4B-00C04F79EFBC}") = "E01", "E01\E01.csproj", "{BA346FFF-D345-4387-8016-9FA3BEBC73CF}"
EndProject
Global
	GlobalSection(SolutionConfigurationPlatforms) = preSolution
		Debug|Any CPU = Debug|Any CPU
		Release|Any CPU = Release|Any CPU
	EndGlobalSection
	GlobalSection(ProjectConfigurationPlatforms) = postSolution
		{BA346FFF-D345-4387-8016-9FA3BEBC73CF}.Debug|Any CPU.ActiveCfg = Debug|Any CPU
		{BA346FFF-D345-4387-8016-9FA3BEBC73CF}.Debug|Any CPU.Build.0 = Debug|Any CPU
		{BA346FFF-D345-4387-8016-9FA3BEBC73CF}.Release|Any CPU.ActiveCfg = Release|Any CPU
		{BA346FFF-D345-4387-8016-9FA3BEBC73CF}.Release|Any CPU.Build.0 = Release|Any CPU
	EndGlobalSection
	GlobalSection(SolutionProperties) = preSolution
		HideSolutionNode = FALSE
	EndGlobalSection
	GlobalSection(ExtensibilityGlobals) = postSolution
		SolutionGuid = {77C7742D-7DC7-4A06-89B7-A5CA79FAEC98}
	EndGlobalSection
EndGlobal
